
Microsoft Visual Studio Solution File, Format Version 12.00
# Visual Studio Version 17
VisualStudioVersion = 17.0.31903.59
MinimumVisualStudioVersion = 10.0.40219.1
Project("{2150E333-8FDC-42A3-9474-1A3956D46DE8}") = "Framework", "Framework", "{9A0CCAB9-4303-13B4-2371-F1B97FF5B728}"
EndProject
Project("{FAE04EC0-301F-11D3-BF4B-00C04F79EFBC}") = "AeroTech.Framework.Core", "Framework\AeroTech.Framework.Core\AeroTech.Framework.Core.csproj", "{03DA8485-272F-4376-A7FB-73D21A1A11F9}"
EndProject
Project("{FAE04EC0-301F-11D3-BF4B-00C04F79EFBC}") = "AeroTech.Framework.Infrastructure", "Framework\AeroTech.Framework.Infrastructure\AeroTech.Framework.Infrastructure.csproj", "{923FD25F-1AC6-49E6-B436-E2C4A63456AA}"
EndProject
Project("{FAE04EC0-301F-11D3-BF4B-00C04F79EFBC}") = "AeroTech.Framework.Presentation", "Framework\AeroTech.Framework.Presentation\AeroTech.Framework.Presentation.csproj", "{AFD1866B-CFB3-4A79-AC8A-F10547766744}"
EndProject
Project("{2150E333-8FDC-42A3-9474-1A3956D46DE8}") = "Contracts", "Contracts", "{A73F2606-6D4C-3EEE-1759-0E59DCFEF523}"
EndProject
Project("{2150E333-8FDC-42A3-9474-1A3956D46DE8}") = "src", "src", "{827E0CD3-B72D-47B6-A68D-7590B98EB39B}"
EndProject
Project("{2150E333-8FDC-42A3-9474-1A3956D46DE8}") = "Core", "Core", "{8D626EA8-CB54-BC41-363A-217881BEBA6E}"
EndProject
Project("{FAE04EC0-301F-11D3-BF4B-00C04F79EFBC}") = "AeroTech.Ordering.Domain", "src\AeroTech.Ordering.Domain\AeroTech.Ordering.Domain.csproj", "{F1BD74CB-1F6E-4266-AADF-4495F509BC0E}"
EndProject
Project("{FAE04EC0-301F-11D3-BF4B-00C04F79EFBC}") = "AeroTech.Ordering.Application", "src\AeroTech.Ordering.Application\AeroTech.Ordering.Application.csproj", "{C0369C03-28FB-4C8F-A4F0-52E646AD96B9}"
EndProject
Project("{2150E333-8FDC-42A3-9474-1A3956D46DE8}") = "Infrastructure", "Infrastructure", "{9048EB7F-3875-A59E-E36B-5BD4C6F2A282}"
EndProject
Project("{FAE04EC0-301F-11D3-BF4B-00C04F79EFBC}") = "AeroTech.Ordering.Persistence", "src\AeroTech.Ordering.Persistence\AeroTech.Ordering.Persistence.csproj", "{1E9EF95F-69C3-4A70-8D93-0EBE658DB755}"
EndProject
Project("{FAE04EC0-301F-11D3-BF4B-00C04F79EFBC}") = "AeroTech.Ordering.Providers", "src\AeroTech.Ordering.Providers\AeroTech.Ordering.Providers.csproj", "{24C9326B-1E6D-4B7D-B258-15BCFD851545}"
EndProject
Project("{FAE04EC0-301F-11D3-BF4B-00C04F79EFBC}") = "AeroTech.Ordering.Query", "src\AeroTech.Ordering.Query\AeroTech.Ordering.Query.csproj", "{5C15D7D0-8980-4827-9D02-BC466F4B3DB6}"
EndProject
Project("{FAE04EC0-301F-11D3-BF4B-00C04F79EFBC}") = "AeroTech.Ordering.Synchronizer", "src\AeroTech.Ordering.Synchronizer\AeroTech.Ordering.Synchronizer.csproj", "{A514AF74-EFEE-4EAB-9961-066852994F3D}"
EndProject
Project("{2150E333-8FDC-42A3-9474-1A3956D46DE8}") = "Presentation", "Presentation", "{6996BBF7-DB31-59BC-C7DD-9A7CCC6138C4}"
EndProject
Project("{FAE04EC0-301F-11D3-BF4B-00C04F79EFBC}") = "AeroTech.Ordering.Consumers", "src\AeroTech.Ordering.Consumers\AeroTech.Ordering.Consumers.csproj", "{BD6BB0A0-AF41-4A5A-9948-6F83F1B2EA34}"
EndProject
Project("{FAE04EC0-301F-11D3-BF4B-00C04F79EFBC}") = "AeroTech.Ordering.RestApi", "src\AeroTech.Ordering.RestApi\AeroTech.Ordering.RestApi.csproj", "{C2AE2F4E-EFAE-433D-B3EE-1C778B83424C}"
EndProject
Project("{FAE04EC0-301F-11D3-BF4B-00C04F79EFBC}") = "AeroTech.Ordering.ServiceHost", "src\AeroTech.Ordering.ServiceHost\AeroTech.Ordering.ServiceHost.csproj", "{E1EAEF2A-0C67-4265-A8E4-35F64D4FA43C}"
EndProject
Project("{FAE04EC0-301F-11D3-BF4B-00C04F79EFBC}") = "AeroTech.Ordering.ReferenceData", "src\AeroTech.Ordering.ReferenceData\AeroTech.Ordering.ReferenceData.csproj", "{C6AC737E-A7A2-4051-BB40-1E79EAD7F5BE}"
EndProject
Project("{FAE04EC0-301F-11D3-BF4B-00C04F79EFBC}") = "AeroTech.Messages", "Contracts\AeroTech.Messages\AeroTech.Messages.csproj", "{5473DF46-EB85-43C7-8B51-C0D655D46027}"
EndProject
Project("{2150E333-8FDC-42A3-9474-1A3956D46DE8}") = "tools", "tools", "{07C2787E-EAC7-C090-1BA3-A61EC2A24D84}"
EndProject
Project("{FAE04EC0-301F-11D3-BF4B-00C04F79EFBC}") = "AeroTech.Ordering.Seeder", "tools\AeroTech.Ordering.Seeder\AeroTech.Ordering.Seeder.csproj", "{7DC9BD05-E0AE-467A-8F45-8E93E5F4B56E}"
EndProject
Global
	GlobalSection(SolutionConfigurationPlatforms) = preSolution
		Debug|Any CPU = Debug|Any CPU
		Debug|x64 = Debug|x64
		Debug|x86 = Debug|x86
		Release|Any CPU = Release|Any CPU
		Release|x64 = Release|x64
		Release|x86 = Release|x86
	EndGlobalSection
	GlobalSection(ProjectConfigurationPlatforms) = postSolution
		{03DA8485-272F-4376-A7FB-73D21A1A11F9}.Debug|Any CPU.ActiveCfg = Debug|Any CPU
		{03DA8485-272F-4376-A7FB-73D21A1A11F9}.Debug|Any CPU.Build.0 = Debug|Any CPU
		{03DA8485-272F-4376-A7FB-73D21A1A11F9}.Debug|x64.ActiveCfg = Debug|Any CPU
		{03DA8485-272F-4376-A7FB-73D21A1A11F9}.Debug|x64.Build.0 = Debug|Any CPU
		{03DA8485-272F-4376-A7FB-73D21A1A11F9}.Debug|x86.ActiveCfg = Debug|Any CPU
		{03DA8485-272F-4376-A7FB-73D21A1A11F9}.Debug|x86.Build.0 = Debug|Any CPU
		{03DA8485-272F-4376-A7FB-73D21A1A11F9}.Release|Any CPU.ActiveCfg = Release|Any CPU
		{03DA8485-272F-4376-A7FB-73D21A1A11F9}.Release|Any CPU.Build.0 = Release|Any CPU
		{03DA8485-272F-4376-A7FB-73D21A1A11F9}.Release|x64.ActiveCfg = Release|Any CPU
		{03DA8485-272F-4376-A7FB-73D21A1A11F9}.Release|x64.Build.0 = Release|Any CPU
		{03DA8485-272F-4376-A7FB-73D21A1A11F9}.Release|x86.ActiveCfg = Release|Any CPU
		{03DA8485-272F-4376-A7FB-73D21A1A11F9}.Release|x86.Build.0 = Release|Any CPU
		{923FD25F-1AC6-49E6-B436-E2C4A63456AA}.Debug|Any CPU.ActiveCfg = Debug|Any CPU
		{923FD25F-1AC6-49E6-B436-E2C4A63456AA}.Debug|Any CPU.Build.0 = Debug|Any CPU
		{923FD25F-1AC6-49E6-B436-E2C4A63456AA}.Debug|x64.ActiveCfg = Debug|Any CPU
		{923FD25F-1AC6-49E6-B436-E2C4A63456AA}.Debug|x64.Build.0 = Debug|Any CPU
		{923FD25F-1AC6-49E6-B436-E2C4A63456AA}.Debug|x86.ActiveCfg = Debug|Any CPU
		{923FD25F-1AC6-49E6-B436-E2C4A63456AA}.Debug|x86.Build.0 = Debug|Any CPU
		{923FD25F-1AC6-49E6-B436-E2C4A63456AA}.Release|Any CPU.ActiveCfg = Release|Any CPU
		{923FD25F-1AC6-49E6-B436-E2C4A63456AA}.Release|Any CPU.Build.0 = Release|Any CPU
		{923FD25F-1AC6-49E6-B436-E2C4A63456AA}.Release|x64.ActiveCfg = Release|Any CPU
		{923FD25F-1AC6-49E6-B436-E2C4A63456AA}.Release|x64.Build.0 = Release|Any CPU
		{923FD25F-1AC6-49E6-B436-E2C4A63456AA}.Release|x86.ActiveCfg = Release|Any CPU
		{923FD25F-1AC6-49E6-B436-E2C4A63456AA}.Release|x86.Build.0 = Release|Any CPU
		{AFD1866B-CFB3-4A79-AC8A-F10547766744}.Debug|Any CPU.ActiveCfg = Debug|Any CPU
		{AFD1866B-CFB3-4A79-AC8A-F10547766744}.Debug|Any CPU.Build.0 = Debug|Any CPU
		{AFD1866B-CFB3-4A79-AC8A-F10547766744}.Debug|x64.ActiveCfg = Debug|Any CPU
		{AFD1866B-CFB3-4A79-AC8A-F10547766744}.Debug|x64.Build.0 = Debug|Any CPU
		{AFD1866B-CFB3-4A79-AC8A-F10547766744}.Debug|x86.ActiveCfg = Debug|Any CPU
		{AFD1866B-CFB3-4A79-AC8A-F10547766744}.Debug|x86.Build.0 = Debug|Any CPU
		{AFD1866B-CFB3-4A79-AC8A-F10547766744}.Release|Any CPU.ActiveCfg = Release|Any CPU
		{AFD1866B-CFB3-4A79-AC8A-F10547766744}.Release|Any CPU.Build.0 = Release|Any CPU
		{AFD1866B-CFB3-4A79-AC8A-F10547766744}.Release|x64.ActiveCfg = Release|Any CPU
		{AFD1866B-CFB3-4A79-AC8A-F10547766744}.Release|x64.Build.0 = Release|Any CPU
		{AFD1866B-CFB3-4A79-AC8A-F10547766744}.Release|x86.ActiveCfg = Release|Any CPU
		{AFD1866B-CFB3-4A79-AC8A-F10547766744}.Release|x86.Build.0 = Release|Any CPU
		{F1BD74CB-1F6E-4266-AADF-4495F509BC0E}.Debug|Any CPU.ActiveCfg = Debug|Any CPU
		{F1BD74CB-1F6E-4266-AADF-4495F509BC0E}.Debug|Any CPU.Build.0 = Debug|Any CPU
		{F1BD74CB-1F6E-4266-AADF-4495F509BC0E}.Debug|x64.ActiveCfg = Debug|Any CPU
		{F1BD74CB-1F6E-4266-AADF-4495F509BC0E}.Debug|x64.Build.0 = Debug|Any CPU
		{F1BD74CB-1F6E-4266-AADF-4495F509BC0E}.Debug|x86.ActiveCfg = Debug|Any CPU
		{F1BD74CB-1F6E-4266-AADF-4495F509BC0E}.Debug|x86.Build.0 = Debug|Any CPU
		{F1BD74CB-1F6E-4266-AADF-4495F509BC0E}.Release|Any CPU.ActiveCfg = Release|Any CPU
		{F1BD74CB-1F6E-4266-AADF-4495F509BC0E}.Release|Any CPU.Build.0 = Release|Any CPU
		{F1BD74CB-1F6E-4266-AADF-4495F509BC0E}.Release|x64.ActiveCfg = Release|Any CPU
		{F1BD74CB-1F6E-4266-AADF-4495F509BC0E}.Release|x64.Build.0 = Release|Any CPU
		{F1BD74CB-1F6E-4266-AADF-4495F509BC0E}.Release|x86.ActiveCfg = Release|Any CPU
		{F1BD74CB-1F6E-4266-AADF-4495F509BC0E}.Release|x86.Build.0 = Release|Any CPU
		{C0369C03-28FB-4C8F-A4F0-52E646AD96B9}.Debug|Any CPU.ActiveCfg = Debug|Any CPU
		{C0369C03-28FB-4C8F-A4F0-52E646AD96B9}.Debug|Any CPU.Build.0 = Debug|Any CPU
		{C0369C03-28FB-4C8F-A4F0-52E646AD96B9}.Debug|x64.ActiveCfg = Debug|Any CPU
		{C0369C03-28FB-4C8F-A4F0-52E646AD96B9}.Debug|x64.Build.0 = Debug|Any CPU
		{C0369C03-28FB-4C8F-A4F0-52E646AD96B9}.Debug|x86.ActiveCfg = Debug|Any CPU
		{C0369C03-28FB-4C8F-A4F0-52E646AD96B9}.Debug|x86.Build.0 = Debug|Any CPU
		{C0369C03-28FB-4C8F-A4F0-52E646AD96B9}.Release|Any CPU.ActiveCfg = Release|Any CPU
		{C0369C03-28FB-4C8F-A4F0-52E646AD96B9}.Release|Any CPU.Build.0 = Release|Any CPU
		{C0369C03-28FB-4C8F-A4F0-52E646AD96B9}.Release|x64.ActiveCfg = Release|Any CPU
		{C0369C03-28FB-4C8F-A4F0-52E646AD96B9}.Release|x64.Build.0 = Release|Any CPU
		{C0369C03-28FB-4C8F-A4F0-52E646AD96B9}.Release|x86.ActiveCfg = Release|Any CPU
		{C0369C03-28FB-4C8F-A4F0-52E646AD96B9}.Release|x86.Build.0 = Release|Any CPU
		{1E9EF95F-69C3-4A70-8D93-0EBE658DB755}.Debug|Any CPU.ActiveCfg = Debug|Any CPU
		{1E9EF95F-69C3-4A70-8D93-0EBE658DB755}.Debug|Any CPU.Build.0 = Debug|Any CPU
		{1E9EF95F-69C3-4A70-8D93-0EBE658DB755}.Debug|x64.ActiveCfg = Debug|Any CPU
		{1E9EF95F-69C3-4A70-8D93-0EBE658DB755}.Debug|x64.Build.0 = Debug|Any CPU
		{1E9EF95F-69C3-4A70-8D93-0EBE658DB755}.Debug|x86.ActiveCfg = Debug|Any CPU
		{1E9EF95F-69C3-4A70-8D93-0EBE658DB755}.Debug|x86.Build.0 = Debug|Any CPU
		{1E9EF95F-69C3-4A70-8D93-0EBE658DB755}.Release|Any CPU.ActiveCfg = Release|Any CPU
		{1E9EF95F-69C3-4A70-8D93-0EBE658DB755}.Release|Any CPU.Build.0 = Release|Any CPU
		{1E9EF95F-69C3-4A70-8D93-0EBE658DB755}.Release|x64.ActiveCfg = Release|Any CPU
		{1E9EF95F-69C3-4A70-8D93-0EBE658DB755}.Release|x64.Build.0 = Release|Any CPU
		{1E9EF95F-69C3-4A70-8D93-0EBE658DB755}.Release|x86.ActiveCfg = Release|Any CPU
		{1E9EF95F-69C3-4A70-8D93-0EBE658DB755}.Release|x86.Build.0 = Release|Any CPU
		{24C9326B-1E6D-4B7D-B258-15BCFD851545}.Debug|Any CPU.ActiveCfg = Debug|Any CPU
		{24C9326B-1E6D-4B7D-B258-15BCFD851545}.Debug|Any CPU.Build.0 = Debug|Any CPU
		{24C9326B-1E6D-4B7D-B258-15BCFD851545}.Debug|x64.ActiveCfg = Debug|Any CPU
		{24C9326B-1E6D-4B7D-B258-15BCFD851545}.Debug|x64.Build.0 = Debug|Any CPU
		{24C9326B-1E6D-4B7D-B258-15BCFD851545}.Debug|x86.ActiveCfg = Debug|Any CPU
		{24C9326B-1E6D-4B7D-B258-15BCFD851545}.Debug|x86.Build.0 = Debug|Any CPU
		{24C9326B-1E6D-4B7D-B258-15BCFD851545}.Release|Any CPU.ActiveCfg = Release|Any CPU
		{24C9326B-1E6D-4B7D-B258-15BCFD851545}.Release|Any CPU.Build.0 = Release|Any CPU
		{24C9326B-1E6D-4B7D-B258-15BCFD851545}.Release|x64.ActiveCfg = Release|Any CPU
		{24C9326B-1E6D-4B7D-B258-15BCFD851545}.Release|x64.Build.0 = Release|Any CPU
		{24C9326B-1E6D-4B7D-B258-15BCFD851545}.Release|x86.ActiveCfg = Release|Any CPU
		{24C9326B-1E6D-4B7D-B258-15BCFD851545}.Release|x86.Build.0 = Release|Any CPU
		{5C15D7D0-8980-4827-9D02-BC466F4B3DB6}.Debug|Any CPU.ActiveCfg = Debug|Any CPU
		{5C15D7D0-8980-4827-9D02-BC466F4B3DB6}.Debug|Any CPU.Build.0 = Debug|Any CPU
		{5C15D7D0-8980-4827-9D02-BC466F4B3DB6}.Debug|x64.ActiveCfg = Debug|Any CPU
		{5C15D7D0-8980-4827-9D02-BC466F4B3DB6}.Debug|x64.Build.0 = Debug|Any CPU
		{5C15D7D0-8980-4827-9D02-BC466F4B3DB6}.Debug|x86.ActiveCfg = Debug|Any CPU
		{5C15D7D0-8980-4827-9D02-BC466F4B3DB6}.Debug|x86.Build.0 = Debug|Any CPU
		{5C15D7D0-8980-4827-9D02-BC466F4B3DB6}.Release|Any CPU.ActiveCfg = Release|Any CPU
		{5C15D7D0-8980-4827-9D02-BC466F4B3DB6}.Release|Any CPU.Build.0 = Release|Any CPU
		{5C15D7D0-8980-4827-9D02-BC466F4B3DB6}.Release|x64.ActiveCfg = Release|Any CPU
		{5C15D7D0-8980-4827-9D02-BC466F4B3DB6}.Release|x64.Build.0 = Release|Any CPU
		{5C15D7D0-8980-4827-9D02-BC466F4B3DB6}.Release|x86.ActiveCfg = Release|Any CPU
		{5C15D7D0-8980-4827-9D02-BC466F4B3DB6}.Release|x86.Build.0 = Release|Any CPU
		{A514AF74-EFEE-4EAB-9961-066852994F3D}.Debug|Any CPU.ActiveCfg = Debug|Any CPU
		{A514AF74-EFEE-4EAB-9961-066852994F3D}.Debug|Any CPU.Build.0 = Debug|Any CPU
		{A514AF74-EFEE-4EAB-9961-066852994F3D}.Debug|x64.ActiveCfg = Debug|Any CPU
		{A514AF74-EFEE-4EAB-9961-066852994F3D}.Debug|x64.Build.0 = Debug|Any CPU
		{A514AF74-EFEE-4EAB-9961-066852994F3D}.Debug|x86.ActiveCfg = Debug|Any CPU
		{A514AF74-EFEE-4EAB-9961-066852994F3D}.Debug|x86.Build.0 = Debug|Any CPU
		{A514AF74-EFEE-4EAB-9961-066852994F3D}.Release|Any CPU.ActiveCfg = Release|Any CPU
		{A514AF74-EFEE-4EAB-9961-066852994F3D}.Release|Any CPU.Build.0 = Release|Any CPU
		{A514AF74-EFEE-4EAB-9961-066852994F3D}.Release|x64.ActiveCfg = Release|Any CPU
		{A514AF74-EFEE-4EAB-9961-066852994F3D}.Release|x64.Build.0 = Release|Any CPU
		{A514AF74-EFEE-4EAB-9961-066852994F3D}.Release|x86.ActiveCfg = Release|Any CPU
		{A514AF74-EFEE-4EAB-9961-066852994F3D}.Release|x86.Build.0 = Release|Any CPU
		{BD6BB0A0-AF41-4A5A-9948-6F83F1B2EA34}.Debug|Any CPU.ActiveCfg = Debug|Any CPU
		{BD6BB0A0-AF41-4A5A-9948-6F83F1B2EA34}.Debug|Any CPU.Build.0 = Debug|Any CPU
		{BD6BB0A0-AF41-4A5A-9948-6F83F1B2EA34}.Debug|x64.ActiveCfg = Debug|Any CPU
		{BD6BB0A0-AF41-4A5A-9948-6F83F1B2EA34}.Debug|x64.Build.0 = Debug|Any CPU
		{BD6BB0A0-AF41-4A5A-9948-6F83F1B2EA34}.Debug|x86.ActiveCfg = Debug|Any CPU
		{BD6BB0A0-AF41-4A5A-9948-6F83F1B2EA34}.Debug|x86.Build.0 = Debug|Any CPU
		{BD6BB0A0-AF41-4A5A-9948-6F83F1B2EA34}.Release|Any CPU.ActiveCfg = Release|Any CPU
		{BD6BB0A0-AF41-4A5A-9948-6F83F1B2EA34}.Release|Any CPU.Build.0 = Release|Any CPU
		{BD6BB0A0-AF41-4A5A-9948-6F83F1B2EA34}.Release|x64.ActiveCfg = Release|Any CPU
		{BD6BB0A0-AF41-4A5A-9948-6F83F1B2EA34}.Release|x64.Build.0 = Release|Any CPU
		{BD6BB0A0-AF41-4A5A-9948-6F83F1B2EA34}.Release|x86.ActiveCfg = Release|Any CPU
		{BD6BB0A0-AF41-4A5A-9948-6F83F1B2EA34}.Release|x86.Build.0 = Release|Any CPU
		{C2AE2F4E-EFAE-433D-B3EE-1C778B83424C}.Debug|Any CPU.ActiveCfg = Debug|Any CPU
		{C2AE2F4E-EFAE-433D-B3EE-1C778B83424C}.Debug|Any CPU.Build.0 = Debug|Any CPU
		{C2AE2F4E-EFAE-433D-B3EE-1C778B83424C}.Debug|x64.ActiveCfg = Debug|Any CPU
		{C2AE2F4E-EFAE-433D-B3EE-1C778B83424C}.Debug|x64.Build.0 = Debug|Any CPU
		{C2AE2F4E-EFAE-433D-B3EE-1C778B83424C}.Debug|x86.ActiveCfg = Debug|Any CPU
		{C2AE2F4E-EFAE-433D-B3EE-1C778B83424C}.Debug|x86.Build.0 = Debug|Any CPU
		{C2AE2F4E-EFAE-433D-B3EE-1C778B83424C}.Release|Any CPU.ActiveCfg = Release|Any CPU
		{C2AE2F4E-EFAE-433D-B3EE-1C778B83424C}.Release|Any CPU.Build.0 = Release|Any CPU
		{C2AE2F4E-EFAE-433D-B3EE-1C778B83424C}.Release|x64.ActiveCfg = Release|Any CPU
		{C2AE2F4E-EFAE-433D-B3EE-1C778B83424C}.Release|x64.Build.0 = Release|Any CPU
		{C2AE2F4E-EFAE-433D-B3EE-1C778B83424C}.Release|x86.ActiveCfg = Release|Any CPU
		{C2AE2F4E-EFAE-433D-B3EE-1C778B83424C}.Release|x86.Build.0 = Release|Any CPU
		{E1EAEF2A-0C67-4265-A8E4-35F64D4FA43C}.Debug|Any CPU.ActiveCfg = Debug|Any CPU
		{E1EAEF2A-0C67-4265-A8E4-35F64D4FA43C}.Debug|Any CPU.Build.0 = Debug|Any CPU
		{E1EAEF2A-0C67-4265-A8E4-35F64D4FA43C}.Debug|x64.ActiveCfg = Debug|Any CPU
		{E1EAEF2A-0C67-4265-A8E4-35F64D4FA43C}.Debug|x64.Build.0 = Debug|Any CPU
		{E1EAEF2A-0C67-4265-A8E4-35F64D4FA43C}.Debug|x86.ActiveCfg = Debug|Any CPU
		{E1EAEF2A-0C67-4265-A8E4-35F64D4FA43C}.Debug|x86.Build.0 = Debug|Any CPU
		{E1EAEF2A-0C67-4265-A8E4-35F64D4FA43C}.Release|Any CPU.ActiveCfg = Release|Any CPU
		{E1EAEF2A-0C67-4265-A8E4-35F64D4FA43C}.Release|Any CPU.Build.0 = Release|Any CPU
		{E1EAEF2A-0C67-4265-A8E4-35F64D4FA43C}.Release|x64.ActiveCfg = Release|Any CPU
		{E1EAEF2A-0C67-4265-A8E4-35F64D4FA43C}.Release|x64.Build.0 = Release|Any CPU
		{E1EAEF2A-0C67-4265-A8E4-35F64D4FA43C}.Release|x86.ActiveCfg = Release|Any CPU
		{E1EAEF2A-0C67-4265-A8E4-35F64D4FA43C}.Release|x86.Build.0 = Release|Any CPU
		{C6AC737E-A7A2-4051-BB40-1E79EAD7F5BE}.Debug|Any CPU.ActiveCfg = Debug|Any CPU
		{C6AC737E-A7A2-4051-BB40-1E79EAD7F5BE}.Debug|Any CPU.Build.0 = Debug|Any CPU
		{C6AC737E-A7A2-4051-BB40-1E79EAD7F5BE}.Debug|x64.ActiveCfg = Debug|Any CPU
		{C6AC737E-A7A2-4051-BB40-1E79EAD7F5BE}.Debug|x64.Build.0 = Debug|Any CPU
		{C6AC737E-A7A2-4051-BB40-1E79EAD7F5BE}.Debug|x86.ActiveCfg = Debug|Any CPU
		{C6AC737E-A7A2-4051-BB40-1E79EAD7F5BE}.Debug|x86.Build.0 = Debug|Any CPU
		{C6AC737E-A7A2-4051-BB40-1E79EAD7F5BE}.Release|Any CPU.ActiveCfg = Release|Any CPU
		{C6AC737E-A7A2-4051-BB40-1E79EAD7F5BE}.Release|Any CPU.Build.0 = Release|Any CPU
		{C6AC737E-A7A2-4051-BB40-1E79EAD7F5BE}.Release|x64.ActiveCfg = Release|Any CPU
		{C6AC737E-A7A2-4051-BB40-1E79EAD7F5BE}.Release|x64.Build.0 = Release|Any CPU
		{C6AC737E-A7A2-4051-BB40-1E79EAD7F5BE}.Release|x86.ActiveCfg = Release|Any CPU
		{C6AC737E-A7A2-4051-BB40-1E79EAD7F5BE}.Release|x86.Build.0 = Release|Any CPU
		{5473DF46-EB85-43C7-8B51-C0D655D46027}.Debug|Any CPU.ActiveCfg = Debug|Any CPU
		{5473DF46-EB85-43C7-8B51-C0D655D46027}.Debug|Any CPU.Build.0 = Debug|Any CPU
		{5473DF46-EB85-43C7-8B51-C0D655D46027}.Debug|x64.ActiveCfg = Debug|Any CPU
		{5473DF46-EB85-43C7-8B51-C0D655D46027}.Debug|x64.Build.0 = Debug|Any CPU
		{5473DF46-EB85-43C7-8B51-C0D655D46027}.Debug|x86.ActiveCfg = Debug|Any CPU
		{5473DF46-EB85-43C7-8B51-C0D655D46027}.Debug|x86.Build.0 = Debug|Any CPU
		{5473DF46-EB85-43C7-8B51-C0D655D46027}.Release|Any CPU.ActiveCfg = Release|Any CPU
		{5473DF46-EB85-43C7-8B51-C0D655D46027}.Release|Any CPU.Build.0 = Release|Any CPU
		{5473DF46-EB85-43C7-8B51-C0D655D46027}.Release|x64.ActiveCfg = Release|Any CPU
		{5473DF46-EB85-43C7-8B51-C0D655D46027}.Release|x64.Build.0 = Release|Any CPU
		{5473DF46-EB85-43C7-8B51-C0D655D46027}.Release|x86.ActiveCfg = Release|Any CPU
		{5473DF46-EB85-43C7-8B51-C0D655D46027}.Release|x86.Build.0 = Release|Any CPU
		{7DC9BD05-E0AE-467A-8F45-8E93E5F4B56E}.Debug|Any CPU.ActiveCfg = Debug|Any CPU
		{7DC9BD05-E0AE-467A-8F45-8E93E5F4B56E}.Debug|Any CPU.Build.0 = Debug|Any CPU
		{7DC9BD05-E0AE-467A-8F45-8E93E5F4B56E}.Debug|x64.ActiveCfg = Debug|Any CPU
		{7DC9BD05-E0AE-467A-8F45-8E93E5F4B56E}.Debug|x64.Build.0 = Debug|Any CPU
		{7DC9BD05-E0AE-467A-8F45-8E93E5F4B56E}.Debug|x86.ActiveCfg = Debug|Any CPU
		{7DC9BD05-E0AE-467A-8F45-8E93E5F4B56E}.Debug|x86.Build.0 = Debug|Any CPU
		{7DC9BD05-E0AE-467A-8F45-8E93E5F4B56E}.Release|Any CPU.ActiveCfg = Release|Any CPU
		{7DC9BD05-E0AE-467A-8F45-8E93E5F4B56E}.Release|Any CPU.Build.0 = Release|Any CPU
		{7DC9BD05-E0AE-467A-8F45-8E93E5F4B56E}.Release|x64.ActiveCfg = Release|Any CPU
		{7DC9BD05-E0AE-467A-8F45-8E93E5F4B56E}.Release|x64.Build.0 = Release|Any CPU
		{7DC9BD05-E0AE-467A-8F45-8E93E5F4B56E}.Release|x86.ActiveCfg = Release|Any CPU
		{7DC9BD05-E0AE-467A-8F45-8E93E5F4B56E}.Release|x86.Build.0 = Release|Any CPU
	EndGlobalSection
	GlobalSection(SolutionProperties) = preSolution
		HideSolutionNode = FALSE
	EndGlobalSection
	GlobalSection(NestedProjects) = preSolution
		{03DA8485-272F-4376-A7FB-73D21A1A11F9} = {9A0CCAB9-4303-13B4-2371-F1B97FF5B728}
		{923FD25F-1AC6-49E6-B436-E2C4A63456AA} = {9A0CCAB9-4303-13B4-2371-F1B97FF5B728}
		{AFD1866B-CFB3-4A79-AC8A-F10547766744} = {9A0CCAB9-4303-13B4-2371-F1B97FF5B728}
		{8D626EA8-CB54-BC41-363A-217881BEBA6E} = {827E0CD3-B72D-47B6-A68D-7590B98EB39B}
		{F1BD74CB-1F6E-4266-AADF-4495F509BC0E} = {8D626EA8-CB54-BC41-363A-217881BEBA6E}
		{C0369C03-28FB-4C8F-A4F0-52E646AD96B9} = {8D626EA8-CB54-BC41-363A-217881BEBA6E}
		{9048EB7F-3875-A59E-E36B-5BD4C6F2A282} = {827E0CD3-B72D-47B6-A68D-7590B98EB39B}
		{1E9EF95F-69C3-4A70-8D93-0EBE658DB755} = {9048EB7F-3875-A59E-E36B-5BD4C6F2A282}
		{24C9326B-1E6D-4B7D-B258-15BCFD851545} = {9048EB7F-3875-A59E-E36B-5BD4C6F2A282}
		{5C15D7D0-8980-4827-9D02-BC466F4B3DB6} = {9048EB7F-3875-A59E-E36B-5BD4C6F2A282}
		{A514AF74-EFEE-4EAB-9961-066852994F3D} = {9048EB7F-3875-A59E-E36B-5BD4C6F2A282}
		{6996BBF7-DB31-59BC-C7DD-9A7CCC6138C4} = {827E0CD3-B72D-47B6-A68D-7590B98EB39B}
		{BD6BB0A0-AF41-4A5A-9948-6F83F1B2EA34} = {6996BBF7-DB31-59BC-C7DD-9A7CCC6138C4}
		{C2AE2F4E-EFAE-433D-B3EE-1C778B83424C} = {6996BBF7-DB31-59BC-C7DD-9A7CCC6138C4}
		{E1EAEF2A-0C67-4265-A8E4-35F64D4FA43C} = {827E0CD3-B72D-47B6-A68D-7590B98EB39B}
		{C6AC737E-A7A2-4051-BB40-1E79EAD7F5BE} = {827E0CD3-B72D-47B6-A68D-7590B98EB39B}
		{5473DF46-EB85-43C7-8B51-C0D655D46027} = {A73F2606-6D4C-3EEE-1759-0E59DCFEF523}
		{7DC9BD05-E0AE-467A-8F45-8E93E5F4B56E} = {07C2787E-EAC7-C090-1BA3-A61EC2A24D84}
	EndGlobalSection
EndGlobal
